# This file was autogenerated by Stack.
# You should not edit this file by hand.
# For more information, please see the documentation at:
#   https://docs.haskellstack.org/en/stable/lock_files

packages:
- completed:
    hackage: aeson-extra-0.4.1.3@sha256:8ad8e4d28e46280ea98af2e94dcaaf524c396c9d91b1eba867961efc6e7f923f,2997
    pantry-tree:
      size: 1145
      sha256: 432b1bdef20887031fc88dbba9bd13d18594d459a3bd1227da7ec65f2a6ed722
  original:
    hackage: aeson-extra-0.4.1.3@sha256:8ad8e4d28e46280ea98af2e94dcaaf524c396c9d91b1eba867961efc6e7f923f,2997
snapshots:
- completed:
    size: 532386
    url: https://raw.githubusercontent.com/commercialhaskell/stackage-snapshots/master/lts/16/17.yaml
    sha256: d3ee1ae797cf63189c95cf27f00700304946c5cb3c1e6a82001cd6584a221e1b
  original: lts-16.17
